
Microsoft Visual Studio Solution File, Format Version 12.00
# Visual Studio Version 16
VisualStudioVersion = 16.0.29123.88
MinimumVisualStudioVersion = 10.0.40219.1
Project("{FAE04EC0-301F-11D3-BF4B-00C04F79EFBC}") = "calculadora", "calculadora\calculadora.csproj", "{8D983104-28F7-4BEF-8D09-65E49589E064}"
EndProject
Global
	GlobalSection(SolutionConfigurationPlatforms) = preSolution
		Debug|Any CPU = Debug|Any CPU
		Release|Any CPU = Release|Any CPU
	EndGlobalSection
	GlobalSection(ProjectConfigurationPlatforms) = postSolution
		{8D983104-28F7-4BEF-8D09-65E49589E064}.Debug|Any CPU.ActiveCfg = Debug|Any CPU
		{8D983104-28F7-4BEF-8D09-65E49589E064}.Debug|Any CPU.Build.0 = Debug|Any CPU
		{8D983104-28F7-4BEF-8D09-65E49589E064}.Release|Any CPU.ActiveCfg = Release|Any CPU
		{8D983104-28F7-4BEF-8D09-65E49589E064}.Release|Any CPU.Build.0 = Release|Any CPU
	EndGlobalSection
	GlobalSection(SolutionProperties) = preSolution
		HideSolutionNode = FALSE
	EndGlobalSection
	GlobalSection(ExtensibilityGlobals) = postSolution
		SolutionGuid = {D0488863-6D05-4270-8826-5C07C9C2F0F3}
	EndGlobalSection
EndGlobal
